// !$*UTF8*$!
{
	archiveVersion = 1;
	classes = {
	};
	objectVersion = 56;
	objects = {

/* Begin PBXBuildFile section */
		3132688E2BE4E08300A7A4FC /* SwiftTalkApp.swift in Sources */ = {isa = PBXBuildFile; fileRef = 3132688D2BE4E08300A7A4FC /* SwiftTalkApp.swift */; };
		313268902BE4E08300A7A4FC /* ContentView.swift in Sources */ = {isa = PBXBuildFile; fileRef = 3132688F2BE4E08300A7A4FC /* ContentView.swift */; };
		313268922BE4E08400A7A4FC /* Assets.xcassets in Resources */ = {isa = PBXBuildFile; fileRef = 313268912BE4E08400A7A4FC /* Assets.xcassets */; };
		313268952BE4E08400A7A4FC /* Preview Assets.xcassets in Resources */ = {isa = PBXBuildFile; fileRef = 313268942BE4E08400A7A4FC /* Preview Assets.xcassets */; };
		3132689C2BE4E09400A7A4FC /* StateEg.swift in Sources */ = {isa = PBXBuildFile; fileRef = 3132689B2BE4E09400A7A4FC /* StateEg.swift */; };
		3132689E2BE4E94900A7A4FC /* BindingEg.swift in Sources */ = {isa = PBXBuildFile; fileRef = 3132689D2BE4E94900A7A4FC /* BindingEg.swift */; };
		313268A02BE5047E00A7A4FC /* StateObjectEg.swift in Sources */ = {isa = PBXBuildFile; fileRef = 3132689F2BE5047E00A7A4FC /* StateObjectEg.swift */; };
		313268A22BE50A7300A7A4FC /* ObservedObjectEg.swift in Sources */ = {isa = PBXBuildFile; fileRef = 313268A12BE50A7300A7A4FC /* ObservedObjectEg.swift */; };
		3141A1112BE5D59C0052C311 /* ObservedObjectEg1.swift in Sources */ = {isa = PBXBuildFile; fileRef = 3141A1102BE5D59C0052C311 /* ObservedObjectEg1.swift */; };
		3141A1132BE5E0660052C311 /* EnvironmentObjEg.swift in Sources */ = {isa = PBXBuildFile; fileRef = 3141A1122BE5E0660052C311 /* EnvironmentObjEg.swift */; };
/* End PBXBuildFile section */

/* Begin PBXFileReference section */
		3132688A2BE4E08300A7A4FC /* SwiftTalk.app */ = {isa = PBXFileReference; explicitFileType = wrapper.application; includeInIndex = 0; path = SwiftTalk.app; sourceTree = BUILT_PRODUCTS_DIR; };
		3132688D2BE4E08300A7A4FC /* SwiftTalkApp.swift */ = {isa = PBXFileReference; lastKnownFileType = sourcecode.swift; path = SwiftTalkApp.swift; sourceTree = "<group>"; };
		3132688F2BE4E08300A7A4FC /* ContentView.swift */ = {isa = PBXFileReference; lastKnownFileType = sourcecode.swift; path = ContentView.swift; sourceTree = "<group>"; };
		313268912BE4E08400A7A4FC /* Assets.xcassets */ = {isa = PBXFileReference; lastKnownFileType = folder.assetcatalog; path = Assets.xcassets; sourceTree = "<group>"; };
		313268942BE4E08400A7A4FC /* Preview Assets.xcassets */ = {isa = PBXFileReference; lastKnownFileType = folder.assetcatalog; path = "Preview Assets.xcassets"; sourceTree = "<group>"; };
		3132689B2BE4E09400A7A4FC /* StateEg.swift */ = {isa = PBXFileReference; lastKnownFileType = sourcecode.swift; path = StateEg.swift; sourceTree = "<group>"; };
		3132689D2BE4E94900A7A4FC /* BindingEg.swift */ = {isa = PBXFileReference; lastKnownFileType = sourcecode.swift; path = BindingEg.swift; sourceTree = "<group>"; };
		3132689F2BE5047E00A7A4FC /* StateObjectEg.swift */ = {isa = PBXFileReference; lastKnownFileType = sourcecode.swift; path = StateObjectEg.swift; sourceTree = "<group>"; };
		313268A12BE50A7300A7A4FC /* ObservedObjectEg.swift */ = {isa = PBXFileReference; lastKnownFileType = sourcecode.swift; path = ObservedObjectEg.swift; sourceTree = "<group>"; };
		3141A1102BE5D59C0052C311 /* ObservedObjectEg1.swift */ = {isa = PBXFileReference; lastKnownFileType = sourcecode.swift; path = ObservedObjectEg1.swift; sourceTree = "<group>"; };
		3141A1122BE5E0660052C311 /* EnvironmentObjEg.swift */ = {isa = PBXFileReference; lastKnownFileType = sourcecode.swift; path = EnvironmentObjEg.swift; sourceTree = "<group>"; };
/* End PBXFileReference section */

/* Begin PBXFrameworksBuildPhase section */
		313268872BE4E08300A7A4FC /* Frameworks */ = {
			isa = PBXFrameworksBuildPhase;
			buildActionMask = 2147483647;
			files = (
			);
			runOnlyForDeploymentPostprocessing = 0;
		};
/* End PBXFrameworksBuildPhase section */

/* Begin PBXGroup section */
		313268812BE4E08300A7A4FC = {
			isa = PBXGroup;
			children = (
				3132688C2BE4E08300A7A4FC /* SwiftTalk */,
				3132688B2BE4E08300A7A4FC /* Products */,
			);
			sourceTree = "<group>";
		};
		3132688B2BE4E08300A7A4FC /* Products */ = {
			isa = PBXGroup;
			children = (
				3132688A2BE4E08300A7A4FC /* SwiftTalk.app */,
			);
			name = Products;
			sourceTree = "<group>";
		};
		3132688C2BE4E08300A7A4FC /* SwiftTalk */ = {
			isa = PBXGroup;
			children = (
				3132688D2BE4E08300A7A4FC /* SwiftTalkApp.swift */,
				3132688F2BE4E08300A7A4FC /* ContentView.swift */,
				3132689B2BE4E09400A7A4FC /* StateEg.swift */,
				3132689D2BE4E94900A7A4FC /* BindingEg.swift */,
				3132689F2BE5047E00A7A4FC /* StateObjectEg.swift */,
				313268A12BE50A7300A7A4FC /* ObservedObjectEg.swift */,
				3141A1102BE5D59C0052C311 /* ObservedObjectEg1.swift */,
				3141A1122BE5E0660052C311 /* EnvironmentObjEg.swift */,
				313268912BE4E08400A7A4FC /* Assets.xcassets */,
				313268932BE4E08400A7A4FC /* Preview Content */,
			);
			path = SwiftTalk;
			sourceTree = "<group>";
		};
		313268932BE4E08400A7A4FC /* Preview Content */ = {
			isa = PBXGroup;
			children = (
				313268942BE4E08400A7A4FC /* Preview Assets.xcassets */,
			);
			path = "Preview Content";
			sourceTree = "<group>";
		};
/* End PBXGroup section */

/* Begin PBXNativeTarget section */
		313268892BE4E08300A7A4FC /* SwiftTalk */ = {
			isa = PBXNativeTarget;
			buildConfigurationList = 313268982BE4E08400A7A4FC /* Build configuration list for PBXNativeTarget "SwiftTalk" */;
			buildPhases = (
				313268862BE4E08300A7A4FC /* Sources */,
				313268872BE4E08300A7A4FC /* Frameworks */,
				313268882BE4E08300A7A4FC /* Resources */,
			);
			buildRules = (
			);
			dependencies = (
			);
			name = SwiftTalk;
			productName = SwiftTalk;
			productReference = 3132688A2BE4E08300A7A4FC /* SwiftTalk.app */;
			productType = "com.apple.product-type.application";
		};
/* End PBXNativeTarget section */

/* Begin PBXProject section */
		313268822BE4E08300A7A4FC /* Project object */ = {
			isa = PBXProject;
			attributes = {
				BuildIndependentTargetsInParallel = 1;
				LastSwiftUpdateCheck = 1520;
				LastUpgradeCheck = 1520;
				TargetAttributes = {
					313268892BE4E08300A7A4FC = {
						CreatedOnToolsVersion = 15.2;
					};
				};
			};
			buildConfigurationList = 313268852BE4E08300A7A4FC /* Build configuration list for PBXProject "SwiftTalk" */;
			compatibilityVersion = "Xcode 14.0";
			developmentRegion = en;
			hasScannedForEncodings = 0;
			knownRegions = (
				en,
				Base,
			);
			mainGroup = 313268812BE4E08300A7A4FC;
			productRefGroup = 3132688B2BE4E08300A7A4FC /* Products */;
			projectDirPath = "";
			projectRoot = "";
			targets = (
				313268892BE4E08300A7A4FC /* SwiftTalk */,
			);
		};
/* End PBXProject section */

/* Begin PBXResourcesBuildPhase section */
		313268882BE4E08300A7A4FC /* Resources */ = {
			isa = PBXResourcesBuildPhase;
			buildActionMask = 2147483647;
			files = (
				313268952BE4E08400A7A4FC /* Preview Assets.xcassets in Resources */,
				313268922BE4E08400A7A4FC /* Assets.xcassets in Resources */,
			);
			runOnlyForDeploymentPostprocessing = 0;
		};
/* End PBXResourcesBuildPhase section */

/* Begin PBXSourcesBuildPhase section */
		313268862BE4E08300A7A4FC /* Sources */ = {
			isa = PBXSourcesBuildPhase;
			buildActionMask = 2147483647;
			files = (
				313268A22BE50A7300A7A4FC /* ObservedObjectEg.swift in Sources */,
				3132689C2BE4E09400A7A4FC /* StateEg.swift in Sources */,
				3132689E2BE4E94900A7A4FC /* BindingEg.swift in Sources */,
				313268A02BE5047E00A7A4FC /* StateObjectEg.swift in Sources */,
				3141A1112BE5D59C0052C311 /* ObservedObjectEg1.swift in Sources */,
				3141A1132BE5E0660052C311 /* EnvironmentObjEg.swift in Sources */,
				313268902BE4E08300A7A4FC /* ContentView.swift in Sources */,
				3132688E2BE4E08300A7A4FC /* SwiftTalkApp.swift in Sources */,
			);
			runOnlyForDeploymentPostprocessing = 0;
		};
/* End PBXSourcesBuildPhase section */

/* Begin XCBuildConfiguration section */
		313268962BE4E08400A7A4FC /* Debug */ = {
			isa = XCBuildConfiguration;
			buildSettings = {
				ALWAYS_SEARCH_USER_PATHS = NO;
				ASSETCATALOG_COMPILER_GENERATE_SWIFT_ASSET_SYMBOL_EXTENSIONS = YES;
				CLANG_ANALYZER_NONNULL = YES;
				CLANG_ANALYZER_NUMBER_OBJECT_CONVERSION = YES_AGGRESSIVE;
				CLANG_CXX_LANGUAGE_STANDARD = "gnu++20";
				CLANG_ENABLE_MODULES = YES;
				CLANG_ENABLE_OBJC_ARC = YES;
				CLANG_ENABLE_OBJC_WEAK = YES;
				CLANG_WARN_BLOCK_CAPTURE_AUTORELEASING = YES;
				CLANG_WARN_BOOL_CONVERSION = YES;
				CLANG_WARN_COMMA = YES;
				CLANG_WARN_CONSTANT_CONVERSION = YES;
				CLANG_WARN_DEPRECATED_OBJC_IMPLEMENTATIONS = YES;
				CLANG_WARN_DIRECT_OBJC_ISA_USAGE = YES_ERROR;
				CLANG_WARN_DOCUMENTATION_COMMENTS = YES;
				CLANG_WARN_EMPTY_BODY = YES;
				CLANG_WARN_ENUM_CONVERSION = YES;
				CLANG_WARN_INFINITE_RECURSION = YES;
				CLANG_WARN_INT_CONVERSION = YES;
				CLANG_WARN_NON_LITERAL_NULL_CONVERSION = YES;
				CLANG_WARN_OBJC_IMPLICIT_RETAIN_SELF = YES;
				CLANG_WARN_OBJC_LITERAL_CONVERSION = YES;
				CLANG_WARN_OBJC_ROOT_CLASS = YES_ERROR;
				CLANG_WARN_QUOTED_INCLUDE_IN_FRAMEWORK_HEADER = YES;
				CLANG_WARN_RANGE_LOOP_ANALYSIS = YES;
				CLANG_WARN_STRICT_PROTOTYPES = YES;
				CLANG_WARN_SUSPICIOUS_MOVE = YES;
				CLANG_WARN_UNGUARDED_AVAILABILITY = YES_AGGRESSIVE;
				CLANG_WARN_UNREACHABLE_CODE = YES;
				CLANG_WARN__DUPLICATE_METHOD_MATCH = YES;
				COPY_PHASE_STRIP = NO;
				DEBUG_INFORMATION_FORMAT = dwarf;
				ENABLE_STRICT_OBJC_MSGSEND = YES;
				ENABLE_TESTABILITY = YES;
				ENABLE_USER_SCRIPT_SANDBOXING = YES;
				GCC_C_LANGUAGE_STANDARD = gnu17;
				GCC_DYNAMIC_NO_PIC = NO;
				GCC_NO_COMMON_BLOCKS = YES;
				GCC_OPTIMIZATION_LEVEL = 0;
				GCC_PREPROCESSOR_DEFINITIONS = (
					"DEBUG=1",
					"$(inherited)",
				);
				GCC_WARN_64_TO_32_BIT_CONVERSION = YES;
				GCC_WARN_ABOUT_RETURN_TYPE = YES_ERROR;
				GCC_WARN_UNDECLARED_SELECTOR = YES;
				GCC_WARN_UNINITIALIZED_AUTOS = YES_AGGRESSIVE;
				GCC_WARN_UNUSED_FUNCTION = YES;
				GCC_WARN_UNUSED_VARIABLE = YES;
				IPHONEOS_DEPLOYMENT_TARGET = 17.2;
				LOCALIZATION_PREFERS_STRING_CATALOGS = YES;
				MTL_ENABLE_DEBUG_INFO = INCLUDE_SOURCE;
				MTL_FAST_MATH = YES;
				ONLY_ACTIVE_ARCH = YES;
				SDKROOT = iphoneos;
				SWIFT_ACTIVE_COMPILATION_CONDITIONS = "DEBUG $(inherited)";
				SWIFT_OPTIMIZATION_LEVEL = "-Onone";
			};
			name = Debug;
		};
		313268972BE4E08400A7A4FC /* Release */ = {
			isa = XCBuildConfiguration;
			buildSettings = {
				ALWAYS_SEARCH_USER_PATHS = NO;
				ASSETCATALOG_COMPILER_GENERATE_SWIFT_ASSET_SYMBOL_EXTENSIONS = YES;
				CLANG_ANALYZER_NONNULL = YES;
				CLANG_ANALYZER_NUMBER_OBJECT_CONVERSION = YES_AGGRESSIVE;
				CLANG_CXX_LANGUAGE_STANDARD = "gnu++20";
				CLANG_ENABLE_MODULES = YES;
				CLANG_ENABLE_OBJC_ARC = YES;
				CLANG_ENABLE_OBJC_WEAK = YES;
				CLANG_WARN_BLOCK_CAPTURE_AUTORELEASING = YES;
				CLANG_WARN_BOOL_CONVERSION = YES;
				CLANG_WARN_COMMA = YES;
				CLANG_WARN_CONSTANT_CONVERSION = YES;
				CLANG_WARN_DEPRECATED_OBJC_IMPLEMENTATIONS = YES;
				CLANG_WARN_DIRECT_OBJC_ISA_USAGE = YES_ERROR;
				CLANG_WARN_DOCUMENTATION_COMMENTS = YES;
				CLANG_WARN_EMPTY_BODY = YES;
				CLANG_WARN_ENUM_CONVERSION = YES;
				CLANG_WARN_INFINITE_RECURSION = YES;
				CLANG_WARN_INT_CONVERSION = YES;
				CLANG_WARN_NON_LITERAL_NULL_CONVERSION = YES;
				CLANG_WARN_OBJC_IMPLICIT_RETAIN_SELF = YES;
				CLANG_WARN_OBJC_LITERAL_CONVERSION = YES;
				CLANG_WARN_OBJC_ROOT_CLASS = YES_ERROR;
				CLANG_WARN_QUOTED_INCLUDE_IN_FRAMEWORK_HEADER = YES;
				CLANG_WARN_RANGE_LOOP_ANALYSIS = YES;
				CLANG_WARN_STRICT_PROTOTYPES = YES;
				CLANG_WARN_SUSPICIOUS_MOVE = YES;
				CLANG_WARN_UNGUARDED_AVAILABILITY = YES_AGGRESSIVE;
				CLANG_WARN_UNREACHABLE_CODE = YES;
				CLANG_WARN__DUPLICATE_METHOD_MATCH = YES;
				COPY_PHASE_STRIP = NO;
				DEBUG_INFORMATION_FORMAT = "dwarf-with-dsym";
				ENABLE_NS_ASSERTIONS = NO;
				ENABLE_STRICT_OBJC_MSGSEND = YES;
				ENABLE_USER_SCRIPT_SANDBOXING = YES;
				GCC_C_LANGUAGE_STANDARD = gnu17;
				GCC_NO_COMMON_BLOCKS = YES;
				GCC_WARN_64_TO_32_BIT_CONVERSION = YES;
				GCC_WARN_ABOUT_RETURN_TYPE = YES_ERROR;
				GCC_WARN_UNDECLARED_SELECTOR = YES;
				GCC_WARN_UNINITIALIZED_AUTOS = YES_AGGRESSIVE;
				GCC_WARN_UNUSED_FUNCTION = YES;
				GCC_WARN_UNUSED_VARIABLE = YES;
				IPHONEOS_DEPLOYMENT_TARGET = 17.2;
				LOCALIZATION_PREFERS_STRING_CATALOGS = YES;
				MTL_ENABLE_DEBUG_INFO = NO;
				MTL_FAST_MATH = YES;
				SDKROOT = iphoneos;
				SWIFT_COMPILATION_MODE = wholemodule;
				VALIDATE_PRODUCT = YES;
			};
			name = Release;
		};
		313268992BE4E08400A7A4FC /* Debug */ = {
			isa = XCBuildConfiguration;
			buildSettings = {
				ASSETCATALOG_COMPILER_APPICON_NAME = AppIcon;
				ASSETCATALOG_COMPILER_GLOBAL_ACCENT_COLOR_NAME = AccentColor;
				CODE_SIGN_STYLE = Automatic;
				CURRENT_PROJECT_VERSION = 1;
				DEVELOPMENT_ASSET_PATHS = "\"SwiftTalk/Preview Content\"";
				DEVELOPMENT_TEAM = J6RQNGUC96;
				ENABLE_PREVIEWS = YES;
				GENERATE_INFOPLIST_FILE = YES;
				INFOPLIST_KEY_UIApplicationSceneManifest_Generation = YES;
				INFOPLIST_KEY_UIApplicationSupportsIndirectInputEvents = YES;
				INFOPLIST_KEY_UILaunchScreen_Generation = YES;
				INFOPLIST_KEY_UISupportedInterfaceOrientations_iPad = "UIInterfaceOrientationPortrait UIInterfaceOrientationPortraitUpsideDown UIInterfaceOrientationLandscapeLeft UIInterfaceOrientationLandscapeRight";
				INFOPLIST_KEY_UISupportedInterfaceOrientations_iPhone = "UIInterfaceOrientationPortrait UIInterfaceOrientationLandscapeLeft UIInterfaceOrientationLandscapeRight";
				LD_RUNPATH_SEARCH_PATHS = (
					"$(inherited)",
					"@executable_path/Frameworks",
				);
				MARKETING_VERSION = 1.0;
				PRODUCT_BUNDLE_IDENTIFIER = com.learning.SwiftTalk;
				PRODUCT_NAME = "$(TARGET_NAME)";
				SWIFT_EMIT_LOC_STRINGS = YES;
				SWIFT_VERSION = 5.0;
				TARGETED_DEVICE_FAMILY = "1,2";
			};
			name = Debug;
		};
		3132689A2BE4E08400A7A4FC /* Release */ = {
			isa = XCBuildConfiguration;
			buildSettings = {
				ASSETCATALOG_COMPILER_APPICON_NAME = AppIcon;
				ASSETCATALOG_COMPILER_GLOBAL_ACCENT_COLOR_NAME = AccentColor;
				CODE_SIGN_STYLE = Automatic;
				CURRENT_PROJECT_VERSION = 1;
				DEVELOPMENT_ASSET_PATHS = "\"SwiftTalk/Preview Content\"";
				DEVELOPMENT_TEAM = J6RQNGUC96;
				ENABLE_PREVIEWS = YES;
				GENERATE_INFOPLIST_FILE = YES;
				INFOPLIST_KEY_UIApplicationSceneManifest_Generation = YES;
				INFOPLIST_KEY_UIApplicationSupportsIndirectInputEvents = YES;
				INFOPLIST_KEY_UILaunchScreen_Generation = YES;
				INFOPLIST_KEY_UISupportedInterfaceOrientations_iPad = "UIInterfaceOrientationPortrait UIInterfaceOrientationPortraitUpsideDown UIInterfaceOrientationLandscapeLeft UIInterfaceOrientationLandscapeRight";
				INFOPLIST_KEY_UISupportedInterfaceOrientations_iPhone = "UIInterfaceOrientationPortrait UIInterfaceOrientationLandscapeLeft UIInterfaceOrientationLandscapeRight";
				LD_RUNPATH_SEARCH_PATHS = (
					"$(inherited)",
					"@executable_path/Frameworks",
				);
				MARKETING_VERSION = 1.0;
				PRODUCT_BUNDLE_IDENTIFIER = com.learning.SwiftTalk;
				PRODUCT_NAME = "$(TARGET_NAME)";
				SWIFT_EMIT_LOC_STRINGS = YES;
				SWIFT_VERSION = 5.0;
				TARGETED_DEVICE_FAMILY = "1,2";
			};
			name = Release;
		};
/* End XCBuildConfiguration section */

/* Begin XCConfigurationList section */
		313268852BE4E08300A7A4FC /* Build configuration list for PBXProject "SwiftTalk" */ = {
			isa = XCConfigurationList;
			buildConfigurations = (
				313268962BE4E08400A7A4FC /* Debug */,
				313268972BE4E08400A7A4FC /* Release */,
			);
			defaultConfigurationIsVisible = 0;
			defaultConfigurationName = Release;
		};
		313268982BE4E08400A7A4FC /* Build configuration list for PBXNativeTarget "SwiftTalk" */ = {
			isa = XCConfigurationList;
			buildConfigurations = (
				313268992BE4E08400A7A4FC /* Debug */,
				3132689A2BE4E08400A7A4FC /* Release */,
			);
			defaultConfigurationIsVisible = 0;
			defaultConfigurationName = Release;
		};
/* End XCConfigurationList section */
	};
	rootObject = 313268822BE4E08300A7A4FC /* Project object */;
}
